// !$*UTF8*$!
{
	archiveVersion = 1;
	classes = {
	};
	objectVersion = 56;
	objects = {

/* Begin PBXBuildFile section */
		E225B0832B1C9E24003A5B17 /* libglfw.3.dylib in Frameworks */ = {isa = PBXBuildFile; fileRef = E225B07F2B1C9E24003A5B17 /* libglfw.3.dylib */; };
		E225B0852B1C9E24003A5B17 /* glad.c in Sources */ = {isa = PBXBuildFile; fileRef = E225B0812B1C9E24003A5B17 /* glad.c */; settings = {COMPILER_FLAGS = "-Wno-everything"; }; };
		E225B0882B1CA2EE003A5B17 /* OpenGL.framework in Frameworks */ = {isa = PBXBuildFile; fileRef = E262ABAD2B1B63D1002F988D /* OpenGL.framework */; };
		E225B08A2B1CA2FF003A5B17 /* libglfw.3.dylib in Embed Libraries */ = {isa = PBXBuildFile; fileRef = E225B07F2B1C9E24003A5B17 /* libglfw.3.dylib */; settings = {ATTRIBUTES = (CodeSignOnCopy, ); }; };
		E229AFB72B2F83D600BFBF60 /* gui.cpp in Sources */ = {isa = PBXBuildFile; fileRef = E229AFB52B2F822B00BFBF60 /* gui.cpp */; };
		E2364D7E2B20A3B700E2D395 /* text.cpp in Sources */ = {isa = PBXBuildFile; fileRef = E2364D7C2B20A15C00E2D395 /* text.cpp */; };
		E239661E2B2DAF180080B1A6 /* mouse.cpp in Sources */ = {isa = PBXBuildFile; fileRef = E239661D2B2DAD830080B1A6 /* mouse.cpp */; };
		E262ABA32B1B6331002F988D /* main.cpp in Sources */ = {isa = PBXBuildFile; fileRef = E262ABA22B1B6331002F988D /* main.cpp */; };
		E262ABCC2B1B6731002F988D /* texture.cpp in Sources */ = {isa = PBXBuildFile; fileRef = E262ABC32B1B658E002F988D /* texture.cpp */; };
		E262ABCD2B1B6731002F988D /* shader.cpp in Sources */ = {isa = PBXBuildFile; fileRef = E262ABC42B1B658E002F988D /* shader.cpp */; };
		E262ABCE2B1B673A002F988D /* vertexBuffer.cpp in Sources */ = {isa = PBXBuildFile; fileRef = E262ABC12B1B658E002F988D /* vertexBuffer.cpp */; };
		E262ABD92B1B6C07002F988D /* math.cpp in Sources */ = {isa = PBXBuildFile; fileRef = E262ABD52B1B6C06002F988D /* math.cpp */; };
		E262ABDA2B1B6C07002F988D /* mat3.cpp in Sources */ = {isa = PBXBuildFile; fileRef = E262ABD82B1B6C06002F988D /* mat3.cpp */; };
		E262ABDD2B1B7399002F988D /* window.cpp in Sources */ = {isa = PBXBuildFile; fileRef = E262ABDB2B1B7399002F988D /* window.cpp */; };
		E262ABE12B1B79B4002F988D /* application.cpp in Sources */ = {isa = PBXBuildFile; fileRef = E262ABDF2B1B79B4002F988D /* application.cpp */; };
		E262ABEA2B1BB844002F988D /* input.cpp in Sources */ = {isa = PBXBuildFile; fileRef = E262ABE92B1BB844002F988D /* input.cpp */; };
		E262ABEF2B1BB9E6002F988D /* player.cpp in Sources */ = {isa = PBXBuildFile; fileRef = E262ABED2B1BB9E6002F988D /* player.cpp */; };
		E262ABF32B1BBE9C002F988D /* terrain.cpp in Sources */ = {isa = PBXBuildFile; fileRef = E262ABF12B1BBE9B002F988D /* terrain.cpp */; };
		E262ABF92B1BC059002F988D /* quad.cpp in Sources */ = {isa = PBXBuildFile; fileRef = E262ABF72B1BC059002F988D /* quad.cpp */; };
		E26B16592B2A094F00B2105B /* vertexArray.cpp in Sources */ = {isa = PBXBuildFile; fileRef = E26B16572B2A094F00B2105B /* vertexArray.cpp */; };
/* End PBXBuildFile section */

/* Begin PBXCopyFilesBuildPhase section */
		E225B08B2B1CA2FF003A5B17 /* Embed Libraries */ = {
			isa = PBXCopyFilesBuildPhase;
			buildActionMask = 12;
			dstPath = "";
			dstSubfolderSpec = 10;
			files = (
				E225B08A2B1CA2FF003A5B17 /* libglfw.3.dylib in Embed Libraries */,
			);
			name = "Embed Libraries";
			runOnlyForDeploymentPostprocessing = 0;
		};
		E262AB9D2B1B6331002F988D /* CopyFiles */ = {
			isa = PBXCopyFilesBuildPhase;
			buildActionMask = 2147483647;
			dstPath = /usr/share/man/man1/;
			dstSubfolderSpec = 0;
			files = (
			);
			runOnlyForDeploymentPostprocessing = 1;
		};
/* End PBXCopyFilesBuildPhase section */

/* Begin PBXFileReference section */
		E225B0762B1C9DFC003A5B17 /* khrplatform.h */ = {isa = PBXFileReference; fileEncoding = 4; lastKnownFileType = sourcecode.c.h; path = khrplatform.h; sourceTree = "<group>"; };
		E225B0792B1C9DFC003A5B17 /* stb_image.h */ = {isa = PBXFileReference; fileEncoding = 4; lastKnownFileType = sourcecode.c.h; path = stb_image.h; sourceTree = "<group>"; };
		E225B07B2B1C9DFC003A5B17 /* glad.h */ = {isa = PBXFileReference; fileEncoding = 4; lastKnownFileType = sourcecode.c.h; path = glad.h; sourceTree = "<group>"; };
		E225B07D2B1C9DFC003A5B17 /* glfw3.h */ = {isa = PBXFileReference; fileEncoding = 4; lastKnownFileType = sourcecode.c.h; path = glfw3.h; sourceTree = "<group>"; };
		E225B07E2B1C9DFC003A5B17 /* glfw3native.h */ = {isa = PBXFileReference; fileEncoding = 4; lastKnownFileType = sourcecode.c.h; path = glfw3native.h; sourceTree = "<group>"; };
		E225B07F2B1C9E24003A5B17 /* libglfw.3.dylib */ = {isa = PBXFileReference; lastKnownFileType = "compiled.mach-o.dylib"; path = libglfw.3.dylib; sourceTree = "<group>"; };
		E225B0802B1C9E24003A5B17 /* libglfw3.a */ = {isa = PBXFileReference; lastKnownFileType = archive.ar; path = libglfw3.a; sourceTree = "<group>"; };
		E225B0812B1C9E24003A5B17 /* glad.c */ = {isa = PBXFileReference; fileEncoding = 4; lastKnownFileType = sourcecode.c.c; path = glad.c; sourceTree = "<group>"; };
		E229AFB52B2F822B00BFBF60 /* gui.cpp */ = {isa = PBXFileReference; lastKnownFileType = sourcecode.cpp.cpp; path = gui.cpp; sourceTree = "<group>"; };
		E229AFB62B2F822B00BFBF60 /* gui.hpp */ = {isa = PBXFileReference; lastKnownFileType = sourcecode.cpp.h; path = gui.hpp; sourceTree = "<group>"; };
		E2364D7C2B20A15C00E2D395 /* text.cpp */ = {isa = PBXFileReference; lastKnownFileType = sourcecode.cpp.cpp; path = text.cpp; sourceTree = "<group>"; };
		E2364D7D2B20A15C00E2D395 /* text.hpp */ = {isa = PBXFileReference; lastKnownFileType = sourcecode.cpp.h; path = text.hpp; sourceTree = "<group>"; };
		E2364D822B20C05400E2D395 /* character.hpp */ = {isa = PBXFileReference; lastKnownFileType = sourcecode.cpp.h; path = character.hpp; sourceTree = "<group>"; };
		E2364D862B21194600E2D395 /* fontImg.png */ = {isa = PBXFileReference; lastKnownFileType = image.png; path = fontImg.png; sourceTree = "<group>"; };
		E2364D872B2123CC00E2D395 /* fontImg.fnt */ = {isa = PBXFileReference; fileEncoding = 4; lastKnownFileType = text; path = fontImg.fnt; sourceTree = "<group>"; };
		E239661D2B2DAD830080B1A6 /* mouse.cpp */ = {isa = PBXFileReference; lastKnownFileType = sourcecode.cpp.cpp; path = mouse.cpp; sourceTree = "<group>"; };
		E24BD9732B45927B00DD8FC0 /* stb_image.h */ = {isa = PBXFileReference; fileEncoding = 4; lastKnownFileType = sourcecode.c.h; path = stb_image.h; sourceTree = "<group>"; };
		E24BD9752B45927B00DD8FC0 /* khrplatform.h */ = {isa = PBXFileReference; fileEncoding = 4; lastKnownFileType = sourcecode.c.h; path = khrplatform.h; sourceTree = "<group>"; };
		E24BD9772B45927B00DD8FC0 /* glfw3.h */ = {isa = PBXFileReference; fileEncoding = 4; lastKnownFileType = sourcecode.c.h; path = glfw3.h; sourceTree = "<group>"; };
		E24BD9782B45927B00DD8FC0 /* glfw3native.h */ = {isa = PBXFileReference; fileEncoding = 4; lastKnownFileType = sourcecode.c.h; path = glfw3native.h; sourceTree = "<group>"; };
		E24BD97A2B45927B00DD8FC0 /* glad.h */ = {isa = PBXFileReference; fileEncoding = 4; lastKnownFileType = sourcecode.c.h; path = glad.h; sourceTree = "<group>"; };
		E24BD97B2B45927B00DD8FC0 /* PerlinNoise.hpp */ = {isa = PBXFileReference; fileEncoding = 4; lastKnownFileType = sourcecode.cpp.h; path = PerlinNoise.hpp; sourceTree = "<group>"; };
		E250DCF12B3DCAE700BF30DD /* backpack.hpp */ = {isa = PBXFileReference; lastKnownFileType = sourcecode.cpp.h; path = backpack.hpp; sourceTree = "<group>"; };
		E257C3AC2B3061F90002A53F /* button.hpp */ = {isa = PBXFileReference; lastKnownFileType = sourcecode.cpp.h; path = button.hpp; sourceTree = "<group>"; };
		E259A7E62B1E2D2A007CE0C9 /* mouse.hpp */ = {isa = PBXFileReference; lastKnownFileType = sourcecode.cpp.h; path = mouse.hpp; sourceTree = "<group>"; };
		E262AB9F2B1B6331002F988D /* cat-caver */ = {isa = PBXFileReference; explicitFileType = "compiled.mach-o.executable"; includeInIndex = 0; path = "cat-caver"; sourceTree = BUILT_PRODUCTS_DIR; };
		E262ABA22B1B6331002F988D /* main.cpp */ = {isa = PBXFileReference; lastKnownFileType = sourcecode.cpp.cpp; path = main.cpp; sourceTree = "<group>"; };
		E262ABAA2B1B638D002F988D /* spritesheet.png */ = {isa = PBXFileReference; lastKnownFileType = image.png; path = spritesheet.png; sourceTree = "<group>"; };
		E262ABAB2B1B63B6002F988D /* .gitattributes */ = {isa = PBXFileReference; lastKnownFileType = text; path = .gitattributes; sourceTree = "<group>"; };
		E262ABAD2B1B63D1002F988D /* OpenGL.framework */ = {isa = PBXFileReference; lastKnownFileType = wrapper.framework; name = OpenGL.framework; path = System/Library/Frameworks/OpenGL.framework; sourceTree = SDKROOT; };
		E262ABC12B1B658E002F988D /* vertexBuffer.cpp */ = {isa = PBXFileReference; lastKnownFileType = sourcecode.cpp.cpp; path = vertexBuffer.cpp; sourceTree = "<group>"; };
		E262ABC22B1B658E002F988D /* vertex.hpp */ = {isa = PBXFileReference; lastKnownFileType = sourcecode.cpp.h; path = vertex.hpp; sourceTree = "<group>"; };
		E262ABC32B1B658E002F988D /* texture.cpp */ = {isa = PBXFileReference; lastKnownFileType = sourcecode.cpp.cpp; path = texture.cpp; sourceTree = "<group>"; };
		E262ABC42B1B658E002F988D /* shader.cpp */ = {isa = PBXFileReference; lastKnownFileType = sourcecode.cpp.cpp; path = shader.cpp; sourceTree = "<group>"; };
		E262ABC52B1B658E002F988D /* texture.hpp */ = {isa = PBXFileReference; lastKnownFileType = sourcecode.cpp.h; path = texture.hpp; sourceTree = "<group>"; };
		E262ABC62B1B658E002F988D /* shader.hpp */ = {isa = PBXFileReference; lastKnownFileType = sourcecode.cpp.h; path = shader.hpp; sourceTree = "<group>"; };
		E262ABC72B1B658E002F988D /* vertexBuffer.hpp */ = {isa = PBXFileReference; lastKnownFileType = sourcecode.cpp.h; path = vertexBuffer.hpp; sourceTree = "<group>"; };
		E262ABD52B1B6C06002F988D /* math.cpp */ = {isa = PBXFileReference; fileEncoding = 4; lastKnownFileType = sourcecode.cpp.cpp; path = math.cpp; sourceTree = "<group>"; };
		E262ABD62B1B6C06002F988D /* mat3.hpp */ = {isa = PBXFileReference; fileEncoding = 4; lastKnownFileType = sourcecode.cpp.h; path = mat3.hpp; sourceTree = "<group>"; };
		E262ABD72B1B6C06002F988D /* math.hpp */ = {isa = PBXFileReference; fileEncoding = 4; lastKnownFileType = sourcecode.cpp.h; path = math.hpp; sourceTree = "<group>"; };
		E262ABD82B1B6C06002F988D /* mat3.cpp */ = {isa = PBXFileReference; fileEncoding = 4; lastKnownFileType = sourcecode.cpp.cpp; path = mat3.cpp; sourceTree = "<group>"; };
		E262ABDB2B1B7399002F988D /* window.cpp */ = {isa = PBXFileReference; lastKnownFileType = sourcecode.cpp.cpp; path = window.cpp; sourceTree = "<group>"; };
		E262ABDC2B1B7399002F988D /* window.hpp */ = {isa = PBXFileReference; lastKnownFileType = sourcecode.cpp.h; path = window.hpp; sourceTree = "<group>"; };
		E262ABDF2B1B79B4002F988D /* application.cpp */ = {isa = PBXFileReference; lastKnownFileType = sourcecode.cpp.cpp; path = application.cpp; sourceTree = "<group>"; };
		E262ABE22B1B7A27002F988D /* application.hpp */ = {isa = PBXFileReference; lastKnownFileType = sourcecode.cpp.h; path = application.hpp; sourceTree = "<group>"; };
		E262ABE42B1B7E92002F988D /* fragment.glsl */ = {isa = PBXFileReference; lastKnownFileType = text; path = fragment.glsl; sourceTree = "<group>"; };
		E262ABE52B1B7E92002F988D /* vertex.glsl */ = {isa = PBXFileReference; lastKnownFileType = text; path = vertex.glsl; sourceTree = "<group>"; };
		E262ABE72B1BB6BD002F988D /* vec2.hpp */ = {isa = PBXFileReference; lastKnownFileType = sourcecode.cpp.h; path = vec2.hpp; sourceTree = "<group>"; };
		E262ABE92B1BB844002F988D /* input.cpp */ = {isa = PBXFileReference; fileEncoding = 4; lastKnownFileType = sourcecode.cpp.cpp; path = input.cpp; sourceTree = "<group>"; };
		E262ABEB2B1BB84B002F988D /* input.hpp */ = {isa = PBXFileReference; lastKnownFileType = sourcecode.cpp.h; path = input.hpp; sourceTree = "<group>"; };
		E262ABED2B1BB9E6002F988D /* player.cpp */ = {isa = PBXFileReference; fileEncoding = 4; lastKnownFileType = sourcecode.cpp.cpp; path = player.cpp; sourceTree = "<group>"; };
		E262ABEE2B1BB9E6002F988D /* player.hpp */ = {isa = PBXFileReference; fileEncoding = 4; lastKnownFileType = sourcecode.cpp.h; path = player.hpp; sourceTree = "<group>"; };
		E262ABF12B1BBE9B002F988D /* terrain.cpp */ = {isa = PBXFileReference; fileEncoding = 4; lastKnownFileType = sourcecode.cpp.cpp; path = terrain.cpp; sourceTree = "<group>"; };
		E262ABF22B1BBE9C002F988D /* terrain.hpp */ = {isa = PBXFileReference; fileEncoding = 4; lastKnownFileType = sourcecode.cpp.h; path = terrain.hpp; sourceTree = "<group>"; };
		E262ABF72B1BC059002F988D /* quad.cpp */ = {isa = PBXFileReference; lastKnownFileType = sourcecode.cpp.cpp; path = quad.cpp; sourceTree = "<group>"; };
		E262ABF82B1BC059002F988D /* quad.hpp */ = {isa = PBXFileReference; lastKnownFileType = sourcecode.cpp.h; path = quad.hpp; sourceTree = "<group>"; };
		E26B16562B28AAD900B2105B /* dungeonConfig.hpp */ = {isa = PBXFileReference; fileEncoding = 4; lastKnownFileType = sourcecode.cpp.h; path = dungeonConfig.hpp; sourceTree = "<group>"; };
		E26B16572B2A094F00B2105B /* vertexArray.cpp */ = {isa = PBXFileReference; lastKnownFileType = sourcecode.cpp.cpp; path = vertexArray.cpp; sourceTree = "<group>"; };
		E26B16582B2A094F00B2105B /* vertexArray.hpp */ = {isa = PBXFileReference; lastKnownFileType = sourcecode.cpp.h; path = vertexArray.hpp; sourceTree = "<group>"; };
		E275DAE12B2B8E8300E2969D /* block.hpp */ = {isa = PBXFileReference; lastKnownFileType = sourcecode.cpp.h; path = block.hpp; sourceTree = "<group>"; };
		E28CB4DA2B2F0B88009F09E1 /* vec4.hpp */ = {isa = PBXFileReference; lastKnownFileType = sourcecode.cpp.h; path = vec4.hpp; sourceTree = "<group>"; };
		E2ACBFCB2B323197001E2F7C /* pickaxe.hpp */ = {isa = PBXFileReference; lastKnownFileType = sourcecode.cpp.h; path = pickaxe.hpp; sourceTree = "<group>"; };
/* End PBXFileReference section */

/* Begin PBXFrameworksBuildPhase section */
		E262AB9C2B1B6331002F988D /* Frameworks */ = {
			isa = PBXFrameworksBuildPhase;
			buildActionMask = 2147483647;
			files = (
				E225B0832B1C9E24003A5B17 /* libglfw.3.dylib in Frameworks */,
				E225B0882B1CA2EE003A5B17 /* OpenGL.framework in Frameworks */,
			);
			runOnlyForDeploymentPostprocessing = 0;
		};
/* End PBXFrameworksBuildPhase section */

/* Begin PBXGroup section */
		E225B0752B1C9DFC003A5B17 /* KHR */ = {
			isa = PBXGroup;
			children = (
				E225B0762B1C9DFC003A5B17 /* khrplatform.h */,
			);
			path = KHR;
			sourceTree = "<group>";
		};
		E225B07A2B1C9DFC003A5B17 /* glad */ = {
			isa = PBXGroup;
			children = (
				E225B07B2B1C9DFC003A5B17 /* glad.h */,
			);
			path = glad;
			sourceTree = "<group>";
		};
		E225B07C2B1C9DFC003A5B17 /* GLFW */ = {
			isa = PBXGroup;
			children = (
				E225B07D2B1C9DFC003A5B17 /* glfw3.h */,
				E225B07E2B1C9DFC003A5B17 /* glfw3native.h */,
			);
			path = GLFW;
			sourceTree = "<group>";
		};
		E229AFB42B2F81C600BFBF60 /* gui */ = {
			isa = PBXGroup;
			children = (
				E2364D7C2B20A15C00E2D395 /* text.cpp */,
				E2364D7D2B20A15C00E2D395 /* text.hpp */,
				E2364D822B20C05400E2D395 /* character.hpp */,
				E229AFB52B2F822B00BFBF60 /* gui.cpp */,
				E229AFB62B2F822B00BFBF60 /* gui.hpp */,
				E257C3AC2B3061F90002A53F /* button.hpp */,
			);
			path = gui;
			sourceTree = "<group>";
		};
		E24BD9742B45927B00DD8FC0 /* KHR */ = {
			isa = PBXGroup;
			children = (
				E24BD9752B45927B00DD8FC0 /* khrplatform.h */,
			);
			path = KHR;
			sourceTree = "<group>";
		};
		E24BD9762B45927B00DD8FC0 /* GLFW */ = {
			isa = PBXGroup;
			children = (
				E24BD9772B45927B00DD8FC0 /* glfw3.h */,
				E24BD9782B45927B00DD8FC0 /* glfw3native.h */,
			);
			path = GLFW;
			sourceTree = "<group>";
		};
		E24BD9792B45927B00DD8FC0 /* glad */ = {
			isa = PBXGroup;
			children = (
				E24BD97A2B45927B00DD8FC0 /* glad.h */,
			);
			path = glad;
			sourceTree = "<group>";
		};
		E262AB962B1B6331002F988D = {
			isa = PBXGroup;
			children = (
				E262ABAB2B1B63B6002F988D /* .gitattributes */,
				E262ABA12B1B6331002F988D /* src */,
				E262ABA92B1B6382002F988D /* res */,
				E262ABAF2B1B6413002F988D /* includes */,
				E262ABBA2B1B6413002F988D /* lib */,
				E262ABA02B1B6331002F988D /* Products */,
				E262ABAC2B1B63D1002F988D /* Frameworks */,
			);
			sourceTree = "<group>";
		};
		E262ABA02B1B6331002F988D /* Products */ = {
			isa = PBXGroup;
			children = (
				E262AB9F2B1B6331002F988D /* cat-caver */,
			);
			name = Products;
			sourceTree = "<group>";
		};
		E262ABA12B1B6331002F988D /* src */ = {
			isa = PBXGroup;
			children = (
				E262ABA22B1B6331002F988D /* main.cpp */,
				E229AFB42B2F81C600BFBF60 /* gui */,
				E275DADF2B2B8E5E00E2969D /* game */,
				E262ABF02B1BBE81002F988D /* tilemap */,
				E262ABEC2B1BB9D5002F988D /* entity */,
				E262ABDE2B1B79A3002F988D /* application */,
				E262ABD42B1B6C06002F988D /* maths */,
				E262ABC02B1B658E002F988D /* opengl */,
				E262ABE32B1B7E92002F988D /* shaders */,
			);
			path = src;
			sourceTree = "<group>";
		};
		E262ABA92B1B6382002F988D /* res */ = {
			isa = PBXGroup;
			children = (
				E2364D872B2123CC00E2D395 /* fontImg.fnt */,
				E2364D862B21194600E2D395 /* fontImg.png */,
				E262ABAA2B1B638D002F988D /* spritesheet.png */,
			);
			path = res;
			sourceTree = "<group>";
		};
		E262ABAC2B1B63D1002F988D /* Frameworks */ = {
			isa = PBXGroup;
			children = (
				E262ABAD2B1B63D1002F988D /* OpenGL.framework */,
			);
			name = Frameworks;
			sourceTree = "<group>";
		};
		E262ABAF2B1B6413002F988D /* includes */ = {
			isa = PBXGroup;
			children = (
				E24BD9792B45927B00DD8FC0 /* glad */,
				E24BD9762B45927B00DD8FC0 /* GLFW */,
				E24BD9742B45927B00DD8FC0 /* KHR */,
				E24BD97B2B45927B00DD8FC0 /* PerlinNoise.hpp */,
				E24BD9732B45927B00DD8FC0 /* stb_image.h */,
				E225B07A2B1C9DFC003A5B17 /* glad */,
				E225B07C2B1C9DFC003A5B17 /* GLFW */,
				E225B0752B1C9DFC003A5B17 /* KHR */,
				E225B0792B1C9DFC003A5B17 /* stb_image.h */,
			);
			path = includes;
			sourceTree = "<group>";
		};
		E262ABBA2B1B6413002F988D /* lib */ = {
			isa = PBXGroup;
			children = (
				E225B0812B1C9E24003A5B17 /* glad.c */,
				E225B07F2B1C9E24003A5B17 /* libglfw.3.dylib */,
				E225B0802B1C9E24003A5B17 /* libglfw3.a */,
			);
			path = lib;
			sourceTree = "<group>";
		};
		E262ABC02B1B658E002F988D /* opengl */ = {
			isa = PBXGroup;
			children = (
				E262ABC22B1B658E002F988D /* vertex.hpp */,
				E262ABC12B1B658E002F988D /* vertexBuffer.cpp */,
				E262ABC72B1B658E002F988D /* vertexBuffer.hpp */,
				E26B16572B2A094F00B2105B /* vertexArray.cpp */,
				E26B16582B2A094F00B2105B /* vertexArray.hpp */,
				E262ABC32B1B658E002F988D /* texture.cpp */,
				E262ABC42B1B658E002F988D /* shader.cpp */,
				E262ABC62B1B658E002F988D /* shader.hpp */,
				E262ABC52B1B658E002F988D /* texture.hpp */,
				E262ABDB2B1B7399002F988D /* window.cpp */,
				E262ABDC2B1B7399002F988D /* window.hpp */,
			);
			path = opengl;
			sourceTree = "<group>";
		};
		E262ABD42B1B6C06002F988D /* maths */ = {
			isa = PBXGroup;
			children = (
				E262ABD52B1B6C06002F988D /* math.cpp */,
				E262ABD62B1B6C06002F988D /* mat3.hpp */,
				E262ABD72B1B6C06002F988D /* math.hpp */,
				E262ABD82B1B6C06002F988D /* mat3.cpp */,
				E262ABE72B1BB6BD002F988D /* vec2.hpp */,
				E28CB4DA2B2F0B88009F09E1 /* vec4.hpp */,
			);
			path = maths;
			sourceTree = "<group>";
		};
		E262ABDE2B1B79A3002F988D /* application */ = {
			isa = PBXGroup;
			children = (
				E262ABEB2B1BB84B002F988D /* input.hpp */,
				E262ABE92B1BB844002F988D /* input.cpp */,
				E262ABE22B1B7A27002F988D /* application.hpp */,
				E262ABDF2B1B79B4002F988D /* application.cpp */,
			);
			path = application;
			sourceTree = "<group>";
		};
		E262ABE32B1B7E92002F988D /* shaders */ = {
			isa = PBXGroup;
			children = (
				E262ABE42B1B7E92002F988D /* fragment.glsl */,
				E262ABE52B1B7E92002F988D /* vertex.glsl */,
			);
			path = shaders;
			sourceTree = "<group>";
		};
		E262ABEC2B1BB9D5002F988D /* entity */ = {
			isa = PBXGroup;
			children = (
				E262ABED2B1BB9E6002F988D /* player.cpp */,
				E262ABEE2B1BB9E6002F988D /* player.hpp */,
				E239661D2B2DAD830080B1A6 /* mouse.cpp */,
				E259A7E62B1E2D2A007CE0C9 /* mouse.hpp */,
			);
			path = entity;
			sourceTree = "<group>";
		};
		E262ABF02B1BBE81002F988D /* tilemap */ = {
			isa = PBXGroup;
			children = (
				E26B16562B28AAD900B2105B /* dungeonConfig.hpp */,
				E262ABF12B1BBE9B002F988D /* terrain.cpp */,
				E262ABF22B1BBE9C002F988D /* terrain.hpp */,
				E262ABF72B1BC059002F988D /* quad.cpp */,
				E262ABF82B1BC059002F988D /* quad.hpp */,
			);
			path = tilemap;
			sourceTree = "<group>";
		};
		E275DADF2B2B8E5E00E2969D /* game */ = {
			isa = PBXGroup;
			children = (
				E275DAE12B2B8E8300E2969D /* block.hpp */,
				E2ACBFCB2B323197001E2F7C /* pickaxe.hpp */,
				E250DCF12B3DCAE700BF30DD /* backpack.hpp */,
			);
			path = game;
			sourceTree = "<group>";
		};
/* End PBXGroup section */

/* Begin PBXNativeTarget section */
		E262AB9E2B1B6331002F988D /* cat-caver */ = {
			isa = PBXNativeTarget;
			buildConfigurationList = E262ABA62B1B6331002F988D /* Build configuration list for PBXNativeTarget "cat-caver" */;
			buildPhases = (
				E225B08B2B1CA2FF003A5B17 /* Embed Libraries */,
				E262AB9B2B1B6331002F988D /* Sources */,
				E262AB9C2B1B6331002F988D /* Frameworks */,
				E262AB9D2B1B6331002F988D /* CopyFiles */,
			);
			buildRules = (
			);
			dependencies = (
			);
			name = "cat-caver";
			productName = "cat-caver";
			productReference = E262AB9F2B1B6331002F988D /* cat-caver */;
			productType = "com.apple.product-type.tool";
		};
/* End PBXNativeTarget section */

/* Begin PBXProject section */
		E262AB972B1B6331002F988D /* Project object */ = {
			isa = PBXProject;
			attributes = {
				BuildIndependentTargetsInParallel = 1;
				LastUpgradeCheck = 1500;
				TargetAttributes = {
					E262AB9E2B1B6331002F988D = {
						CreatedOnToolsVersion = 15.0;
					};
				};
			};
			buildConfigurationList = E262AB9A2B1B6331002F988D /* Build configuration list for PBXProject "cat-caver" */;
			compatibilityVersion = "Xcode 14.0";
			developmentRegion = en;
			hasScannedForEncodings = 0;
			knownRegions = (
				en,
				Base,
			);
			mainGroup = E262AB962B1B6331002F988D;
			productRefGroup = E262ABA02B1B6331002F988D /* Products */;
			projectDirPath = "";
			projectRoot = "";
			targets = (
				E262AB9E2B1B6331002F988D /* cat-caver */,
			);
		};
/* End PBXProject section */

/* Begin PBXSourcesBuildPhase section */
		E262AB9B2B1B6331002F988D /* Sources */ = {
			isa = PBXSourcesBuildPhase;
			buildActionMask = 2147483647;
			files = (
				E229AFB72B2F83D600BFBF60 /* gui.cpp in Sources */,
				E239661E2B2DAF180080B1A6 /* mouse.cpp in Sources */,
				E2364D7E2B20A3B700E2D395 /* text.cpp in Sources */,
				E262ABCE2B1B673A002F988D /* vertexBuffer.cpp in Sources */,
				E262ABEA2B1BB844002F988D /* input.cpp in Sources */,
				E262ABDA2B1B6C07002F988D /* mat3.cpp in Sources */,
				E262ABEF2B1BB9E6002F988D /* player.cpp in Sources */,
				E262ABF32B1BBE9C002F988D /* terrain.cpp in Sources */,
				E262ABDD2B1B7399002F988D /* window.cpp in Sources */,
				E262ABCC2B1B6731002F988D /* texture.cpp in Sources */,
				E262ABE12B1B79B4002F988D /* application.cpp in Sources */,
				E262ABF92B1BC059002F988D /* quad.cpp in Sources */,
				E262ABCD2B1B6731002F988D /* shader.cpp in Sources */,
				E262ABA32B1B6331002F988D /* main.cpp in Sources */,
				E26B16592B2A094F00B2105B /* vertexArray.cpp in Sources */,
				E262ABD92B1B6C07002F988D /* math.cpp in Sources */,
				E225B0852B1C9E24003A5B17 /* glad.c in Sources */,
			);
			runOnlyForDeploymentPostprocessing = 0;
		};
/* End PBXSourcesBuildPhase section */

/* Begin XCBuildConfiguration section */
		E262ABA42B1B6331002F988D /* Debug */ = {
			isa = XCBuildConfiguration;
			buildSettings = {
				ALWAYS_SEARCH_USER_PATHS = NO;
				ASSETCATALOG_COMPILER_GENERATE_SWIFT_ASSET_SYMBOL_EXTENSIONS = YES;
				CLANG_ANALYZER_NONNULL = YES;
				CLANG_ANALYZER_NUMBER_OBJECT_CONVERSION = YES_AGGRESSIVE;
				CLANG_CXX_LANGUAGE_STANDARD = "gnu++20";
				CLANG_ENABLE_MODULES = YES;
				CLANG_ENABLE_OBJC_ARC = YES;
				CLANG_ENABLE_OBJC_WEAK = YES;
				CLANG_WARN_BLOCK_CAPTURE_AUTORELEASING = YES;
				CLANG_WARN_BOOL_CONVERSION = YES;
				CLANG_WARN_COMMA = YES;
				CLANG_WARN_CONSTANT_CONVERSION = YES;
				CLANG_WARN_DEPRECATED_OBJC_IMPLEMENTATIONS = YES;
				CLANG_WARN_DIRECT_OBJC_ISA_USAGE = YES_ERROR;
				CLANG_WARN_DOCUMENTATION_COMMENTS = YES;
				CLANG_WARN_EMPTY_BODY = YES;
				CLANG_WARN_ENUM_CONVERSION = YES;
				CLANG_WARN_INFINITE_RECURSION = YES;
				CLANG_WARN_INT_CONVERSION = YES;
				CLANG_WARN_NON_LITERAL_NULL_CONVERSION = YES;
				CLANG_WARN_OBJC_IMPLICIT_RETAIN_SELF = YES;
				CLANG_WARN_OBJC_LITERAL_CONVERSION = YES;
				CLANG_WARN_OBJC_ROOT_CLASS = YES_ERROR;
				CLANG_WARN_QUOTED_INCLUDE_IN_FRAMEWORK_HEADER = YES;
				CLANG_WARN_RANGE_LOOP_ANALYSIS = YES;
				CLANG_WARN_STRICT_PROTOTYPES = YES;
				CLANG_WARN_SUSPICIOUS_MOVE = YES;
				CLANG_WARN_UNGUARDED_AVAILABILITY = YES_AGGRESSIVE;
				CLANG_WARN_UNREACHABLE_CODE = YES;
				CLANG_WARN__DUPLICATE_METHOD_MATCH = YES;
				COPY_PHASE_STRIP = NO;
				DEBUG_INFORMATION_FORMAT = dwarf;
				ENABLE_STRICT_OBJC_MSGSEND = YES;
				ENABLE_TESTABILITY = YES;
				ENABLE_USER_SCRIPT_SANDBOXING = YES;
				GCC_C_LANGUAGE_STANDARD = gnu17;
				GCC_DYNAMIC_NO_PIC = NO;
				GCC_NO_COMMON_BLOCKS = YES;
				GCC_OPTIMIZATION_LEVEL = 0;
				GCC_PREPROCESSOR_DEFINITIONS = (
					"DEBUG=1",
					"$(inherited)",
				);
				GCC_WARN_64_TO_32_BIT_CONVERSION = YES;
				GCC_WARN_ABOUT_RETURN_TYPE = YES_ERROR;
				GCC_WARN_UNDECLARED_SELECTOR = YES;
				GCC_WARN_UNINITIALIZED_AUTOS = YES_AGGRESSIVE;
				GCC_WARN_UNUSED_FUNCTION = YES;
				GCC_WARN_UNUSED_VARIABLE = YES;
				LOCALIZATION_PREFERS_STRING_CATALOGS = YES;
				MACOSX_DEPLOYMENT_TARGET = 14.0;
				MTL_ENABLE_DEBUG_INFO = INCLUDE_SOURCE;
				MTL_FAST_MATH = YES;
				ONLY_ACTIVE_ARCH = YES;
				SDKROOT = macosx;
			};
			name = Debug;
		};
		E262ABA52B1B6331002F988D /* Release */ = {
			isa = XCBuildConfiguration;
			buildSettings = {
				ALWAYS_SEARCH_USER_PATHS = NO;
				ASSETCATALOG_COMPILER_GENERATE_SWIFT_ASSET_SYMBOL_EXTENSIONS = YES;
				CLANG_ANALYZER_NONNULL = YES;
				CLANG_ANALYZER_NUMBER_OBJECT_CONVERSION = YES_AGGRESSIVE;
				CLANG_CXX_LANGUAGE_STANDARD = "gnu++20";
				CLANG_ENABLE_MODULES = YES;
				CLANG_ENABLE_OBJC_ARC = YES;
				CLANG_ENABLE_OBJC_WEAK = YES;
				CLANG_WARN_BLOCK_CAPTURE_AUTORELEASING = YES;
				CLANG_WARN_BOOL_CONVERSION = YES;
				CLANG_WARN_COMMA = YES;
				CLANG_WARN_CONSTANT_CONVERSION = YES;
				CLANG_WARN_DEPRECATED_OBJC_IMPLEMENTATIONS = YES;
				CLANG_WARN_DIRECT_OBJC_ISA_USAGE = YES_ERROR;
				CLANG_WARN_DOCUMENTATION_COMMENTS = YES;
				CLANG_WARN_EMPTY_BODY = YES;
				CLANG_WARN_ENUM_CONVERSION = YES;
				CLANG_WARN_INFINITE_RECURSION = YES;
				CLANG_WARN_INT_CONVERSION = YES;
				CLANG_WARN_NON_LITERAL_NULL_CONVERSION = YES;
				CLANG_WARN_OBJC_IMPLICIT_RETAIN_SELF = YES;
				CLANG_WARN_OBJC_LITERAL_CONVERSION = YES;
				CLANG_WARN_OBJC_ROOT_CLASS = YES_ERROR;
				CLANG_WARN_QUOTED_INCLUDE_IN_FRAMEWORK_HEADER = YES;
				CLANG_WARN_RANGE_LOOP_ANALYSIS = YES;
				CLANG_WARN_STRICT_PROTOTYPES = YES;
				CLANG_WARN_SUSPICIOUS_MOVE = YES;
				CLANG_WARN_UNGUARDED_AVAILABILITY = YES_AGGRESSIVE;
				CLANG_WARN_UNREACHABLE_CODE = YES;
				CLANG_WARN__DUPLICATE_METHOD_MATCH = YES;
				COPY_PHASE_STRIP = NO;
				DEBUG_INFORMATION_FORMAT = "dwarf-with-dsym";
				ENABLE_NS_ASSERTIONS = NO;
				ENABLE_STRICT_OBJC_MSGSEND = YES;
				ENABLE_USER_SCRIPT_SANDBOXING = YES;
				GCC_C_LANGUAGE_STANDARD = gnu17;
				GCC_NO_COMMON_BLOCKS = YES;
				GCC_WARN_64_TO_32_BIT_CONVERSION = YES;
				GCC_WARN_ABOUT_RETURN_TYPE = YES_ERROR;
				GCC_WARN_UNDECLARED_SELECTOR = YES;
				GCC_WARN_UNINITIALIZED_AUTOS = YES_AGGRESSIVE;
				GCC_WARN_UNUSED_FUNCTION = YES;
				GCC_WARN_UNUSED_VARIABLE = YES;
				LOCALIZATION_PREFERS_STRING_CATALOGS = YES;
				MACOSX_DEPLOYMENT_TARGET = 14.0;
				MTL_ENABLE_DEBUG_INFO = NO;
				MTL_FAST_MATH = YES;
				SDKROOT = macosx;
			};
			name = Release;
		};
		E262ABA72B1B6331002F988D /* Debug */ = {
			isa = XCBuildConfiguration;
			buildSettings = {
				CODE_SIGN_ENTITLEMENTS = "cat-caver.entitlements";
				"CODE_SIGN_IDENTITY[sdk=macosx*]" = "Apple Development";
				CODE_SIGN_STYLE = Automatic;
				DEVELOPMENT_TEAM = LFPDYBBY9R;
				ENABLE_HARDENED_RUNTIME = YES;
				GCC_TREAT_WARNINGS_AS_ERRORS = NO;
				GCC_WARN_INHIBIT_ALL_WARNINGS = NO;
				GCC_WARN_PEDANTIC = YES;
				HEADER_SEARCH_PATHS = (
					"${PROJECT_DIR}/includes",
					"${PROJECT_DIR}/src",
				);
				LIBRARY_SEARCH_PATHS = "$(PROJECT_DIR)/lib";
				OTHER_CFLAGS = (
					"-Weverything",
					"-Wall",
					"-Wno-c++98-compat",
				);
				PRODUCT_NAME = "$(TARGET_NAME)";
			};
			name = Debug;
		};
		E262ABA82B1B6331002F988D /* Release */ = {
			isa = XCBuildConfiguration;
			buildSettings = {
				CODE_SIGN_ENTITLEMENTS = "cat-caver.entitlements";
				"CODE_SIGN_IDENTITY[sdk=macosx*]" = "Apple Development";
				CODE_SIGN_STYLE = Automatic;
				DEVELOPMENT_TEAM = LFPDYBBY9R;
				ENABLE_HARDENED_RUNTIME = YES;
				GCC_TREAT_WARNINGS_AS_ERRORS = NO;
				GCC_WARN_INHIBIT_ALL_WARNINGS = NO;
				GCC_WARN_PEDANTIC = YES;
				HEADER_SEARCH_PATHS = (
					"${PROJECT_DIR}/includes",
					"${PROJECT_DIR}/src",
				);
				LIBRARY_SEARCH_PATHS = "$(PROJECT_DIR)/lib";
				OTHER_CFLAGS = (
					"-Weverything",
					"-Wall",
					"-Wno-c++98-compat",
				);
				PRODUCT_NAME = "$(TARGET_NAME)";
			};
			name = Release;
		};
/* End XCBuildConfiguration section */

/* Begin XCConfigurationList section */
		E262AB9A2B1B6331002F988D /* Build configuration list for PBXProject "cat-caver" */ = {
			isa = XCConfigurationList;
			buildConfigurations = (
				E262ABA42B1B6331002F988D /* Debug */,
				E262ABA52B1B6331002F988D /* Release */,
			);
			defaultConfigurationIsVisible = 0;
			defaultConfigurationName = Release;
		};
		E262ABA62B1B6331002F988D /* Build configuration list for PBXNativeTarget "cat-caver" */ = {
			isa = XCConfigurationList;
			buildConfigurations = (
				E262ABA72B1B6331002F988D /* Debug */,
				E262ABA82B1B6331002F988D /* Release */,
			);
			defaultConfigurationIsVisible = 0;
			defaultConfigurationName = Release;
		};
/* End XCConfigurationList section */
	};
	rootObject = E262AB972B1B6331002F988D /* Project object */;
}
